{
  "name": "@assistos-ai/achilles-cli-agent",
  "version": "0.0.0",
  "lockfileVersion": 3,
  "requires": true,
  "packages": {
    "": {
      "name": "@assistos-ai/achilles-cli-agent",
      "version": "0.0.0",
      "os": [
        "linux"
      ],
      "dependencies": {
        "achillesAgentLib": "git+https://github.com/AssistOS-AI/achillesAgentLib.git"
      },
      "bin": {
        "achilles-cli": "bin/achilles-cli"
      },
      "engines": {
        "node": ">=20"
      }
    },
    "node_modules/achillesAgentLib": {
      "name": "ploinky-agent-lib",
      "version": "0.1.0",
      "resolved": "git+ssh://git@github.com/AssistOS-AI/achillesAgentLib.git#08768488fa8c7844873c52b7c8574505f46ea257",
      "license": "MIT"
    }
  }
}
